
Microsoft Visual Studio Solution File, Format Version 12.00
# Visual Studio 15
VisualStudioVersion = 15.0.28010.2036
MinimumVisualStudioVersion = 10.0.40219.1
Project("{FAE04EC0-301F-11D3-BF4B-00C04F79EFBC}") = "IEvangelist.CreamCityCode.Socialize", "IEvangelist.CreamCityCode.Socialize\IEvangelist.CreamCityCode.Socialize.csproj", "{0CB84511-38B8-4264-B9D3-AF387572D80D}"
EndProject
Global
	GlobalSection(SolutionConfigurationPlatforms) = preSolution
		Debug|Any CPU = Debug|Any CPU
		Release|Any CPU = Release|Any CPU
	EndGlobalSection
	GlobalSection(ProjectConfigurationPlatforms) = postSolution
		{0CB84511-38B8-4264-B9D3-AF387572D80D}.Debug|Any CPU.ActiveCfg = Debug|Any CPU
		{0CB84511-38B8-4264-B9D3-AF387572D80D}.Debug|Any CPU.Build.0 = Debug|Any CPU
		{0CB84511-38B8-4264-B9D3-AF387572D80D}.Release|Any CPU.ActiveCfg = Release|Any CPU
		{0CB84511-38B8-4264-B9D3-AF387572D80D}.Release|Any CPU.Build.0 = Release|Any CPU
	EndGlobalSection
	GlobalSection(SolutionProperties) = preSolution
		HideSolutionNode = FALSE
	EndGlobalSection
	GlobalSection(ExtensibilityGlobals) = postSolution
		SolutionGuid = {8DC523B1-FB31-46DA-9850-E974492CBC92}
	EndGlobalSection
EndGlobal
